{
  "name": "node-last-value-update",
  "version": "1.0.0",
  "lockfileVersion": 1,
  "requires": true,
  "dependencies": {
    "node-arm-refresh-in-time": {
      "version": "1.0.1",
      "resolved": "https://registry.npmjs.org/node-arm-refresh-in-time/-/node-arm-refresh-in-time-1.0.1.tgz",
      "integrity": "sha512-JMcRRl7xugjyzDpgzi5zQlVjA1ujJSTQ4tTi7/cTX0i6aAY6VbQIg8KbsMdir516npCB2pL3tiyUdGu32q9Msg=="
    },
    "signals": {
      "version": "1.0.0",
      "resolved": "https://registry.npmjs.org/signals/-/signals-1.0.0.tgz",
      "integrity": "sha1-ZfDBWZNSs1Ny7KrlolDmEHN27Wk="
    }
  }
}
